
Microsoft Visual Studio Solution File, Format Version 12.00
# Visual Studio Version 17
VisualStudioVersion = 17.11.35222.181
MinimumVisualStudioVersion = 10.0.40219.1
Project("{FAE04EC0-301F-11D3-BF4B-00C04F79EFBC}") = "AdminPanelApp", "AdminPanelApp.csproj", "{0DD0AE1E-12D5-4281-8C4C-7E92F0A8C6A6}"
EndProject
Global
	GlobalSection(SolutionConfigurationPlatforms) = preSolution
		Debug|Any CPU = Debug|Any CPU
		Release|Any CPU = Release|Any CPU
	EndGlobalSection
	GlobalSection(ProjectConfigurationPlatforms) = postSolution
		{0DD0AE1E-12D5-4281-8C4C-7E92F0A8C6A6}.Debug|Any CPU.ActiveCfg = Debug|Any CPU
		{0DD0AE1E-12D5-4281-8C4C-7E92F0A8C6A6}.Debug|Any CPU.Build.0 = Debug|Any CPU
		{0DD0AE1E-12D5-4281-8C4C-7E92F0A8C6A6}.Release|Any CPU.ActiveCfg = Release|Any CPU
		{0DD0AE1E-12D5-4281-8C4C-7E92F0A8C6A6}.Release|Any CPU.Build.0 = Release|Any CPU
	EndGlobalSection
	GlobalSection(SolutionProperties) = preSolution
		HideSolutionNode = FALSE
	EndGlobalSection
	GlobalSection(ExtensibilityGlobals) = postSolution
		SolutionGuid = {125DBC87-F195-4F7F-AD1C-EDF2D9839B8B}
	EndGlobalSection
EndGlobal
